
Microsoft Visual Studio Solution File, Format Version 12.00
# Visual Studio Version 17
VisualStudioVersion = 17.6.33829.357
MinimumVisualStudioVersion = 10.0.40219.1
Project("{FAE04EC0-301F-11D3-BF4B-00C04F79EFBC}") = "MyShop", "MyShop\MyShop.csproj", "{216E65E4-6059-4C67-9232-91E362434DAA}"
EndProject
Project("{FAE04EC0-301F-11D3-BF4B-00C04F79EFBC}") = "MyShop.Data", "MyShop.Data\MyShop.Data.csproj", "{A343F7C0-F903-475D-BCFE-51AC7476483F}"
EndProject
Global
	GlobalSection(SolutionConfigurationPlatforms) = preSolution
		Debug|Any CPU = Debug|Any CPU
		Release|Any CPU = Release|Any CPU
	EndGlobalSection
	GlobalSection(ProjectConfigurationPlatforms) = postSolution
		{216E65E4-6059-4C67-9232-91E362434DAA}.Debug|Any CPU.ActiveCfg = Debug|Any CPU
		{216E65E4-6059-4C67-9232-91E362434DAA}.Debug|Any CPU.Build.0 = Debug|Any CPU
		{216E65E4-6059-4C67-9232-91E362434DAA}.Release|Any CPU.ActiveCfg = Release|Any CPU
		{216E65E4-6059-4C67-9232-91E362434DAA}.Release|Any CPU.Build.0 = Release|Any CPU
		{A343F7C0-F903-475D-BCFE-51AC7476483F}.Debug|Any CPU.ActiveCfg = Debug|Any CPU
		{A343F7C0-F903-475D-BCFE-51AC7476483F}.Debug|Any CPU.Build.0 = Debug|Any CPU
		{A343F7C0-F903-475D-BCFE-51AC7476483F}.Release|Any CPU.ActiveCfg = Release|Any CPU
		{A343F7C0-F903-475D-BCFE-51AC7476483F}.Release|Any CPU.Build.0 = Release|Any CPU
	EndGlobalSection
	GlobalSection(SolutionProperties) = preSolution
		HideSolutionNode = FALSE
	EndGlobalSection
	GlobalSection(ExtensibilityGlobals) = postSolution
		SolutionGuid = {B2C596E0-0670-4365-994E-DC5C2DE29E6A}
	EndGlobalSection
EndGlobal
